
Microsoft Visual Studio Solution File, Format Version 12.00
# Visual Studio Version 17
VisualStudioVersion = 17.4.33110.190
MinimumVisualStudioVersion = 10.0.40219.1
Project("{FAE04EC0-301F-11D3-BF4B-00C04F79EFBC}") = "FlyAirlines", "FlyAirlines\FlyAirlines.csproj", "{B600811D-72F7-4842-B507-393D7FAADD17}"
EndProject
Global
	GlobalSection(SolutionConfigurationPlatforms) = preSolution
		Debug|Any CPU = Debug|Any CPU
		Release|Any CPU = Release|Any CPU
	EndGlobalSection
	GlobalSection(ProjectConfigurationPlatforms) = postSolution
		{B600811D-72F7-4842-B507-393D7FAADD17}.Debug|Any CPU.ActiveCfg = Debug|Any CPU
		{B600811D-72F7-4842-B507-393D7FAADD17}.Debug|Any CPU.Build.0 = Debug|Any CPU
		{B600811D-72F7-4842-B507-393D7FAADD17}.Release|Any CPU.ActiveCfg = Release|Any CPU
		{B600811D-72F7-4842-B507-393D7FAADD17}.Release|Any CPU.Build.0 = Release|Any CPU
	EndGlobalSection
	GlobalSection(SolutionProperties) = preSolution
		HideSolutionNode = FALSE
	EndGlobalSection
	GlobalSection(ExtensibilityGlobals) = postSolution
		SolutionGuid = {1195C785-6C0D-4A9C-9140-3FFBC3585DE0}
	EndGlobalSection
EndGlobal
